// !$*UTF8*$!
{
	archiveVersion = 1;
	classes = {
	};
	objectVersion = 46;
	objects = {

/* Begin PBXBuildFile section */
		04E12A4F1D576236009D9A40 /* main.m in Sources */ = {isa = PBXBuildFile; fileRef = 04E12A4E1D576236009D9A40 /* main.m */; };
		04E12A521D576236009D9A40 /* AppDelegate.m in Sources */ = {isa = PBXBuildFile; fileRef = 04E12A511D576236009D9A40 /* AppDelegate.m */; };
		04E12A551D576236009D9A40 /* ViewController.m in Sources */ = {isa = PBXBuildFile; fileRef = 04E12A541D576236009D9A40 /* ViewController.m */; };
		04E12A581D576236009D9A40 /* Main.storyboard in Resources */ = {isa = PBXBuildFile; fileRef = 04E12A561D576236009D9A40 /* Main.storyboard */; };
		04E12A5A1D576236009D9A40 /* Assets.xcassets in Resources */ = {isa = PBXBuildFile; fileRef = 04E12A591D576236009D9A40 /* Assets.xcassets */; };
		04E12A5D1D576236009D9A40 /* LaunchScreen.storyboard in Resources */ = {isa = PBXBuildFile; fileRef = 04E12A5B1D576236009D9A40 /* LaunchScreen.storyboard */; };
		AE90672F1D5870E6005C24FB /* CHTScrollItemBar.m in Sources */ = {isa = PBXBuildFile; fileRef = AE90672E1D5870E6005C24FB /* CHTScrollItemBar.m */; };
/* End PBXBuildFile section */

/* Begin PBXFileReference section */
		04E12A4A1D576236009D9A40 /* CHTScrollItemBarDemo.app */ = {isa = PBXFileReference; explicitFileType = wrapper.application; includeInIndex = 0; path = CHTScrollItemBarDemo.app; sourceTree = BUILT_PRODUCTS_DIR; };
		04E12A4E1D576236009D9A40 /* main.m */ = {isa = PBXFileReference; lastKnownFileType = sourcecode.c.objc; path = main.m; sourceTree = "<group>"; };
		04E12A501D576236009D9A40 /* AppDelegate.h */ = {isa = PBXFileReference; lastKnownFileType = sourcecode.c.h; path = AppDelegate.h; sourceTree = "<group>"; };
		04E12A511D576236009D9A40 /* AppDelegate.m */ = {isa = PBXFileReference; lastKnownFileType = sourcecode.c.objc; path = AppDelegate.m; sourceTree = "<group>"; };
		04E12A531D576236009D9A40 /* ViewController.h */ = {isa = PBXFileReference; lastKnownFileType = sourcecode.c.h; path = ViewController.h; sourceTree = "<group>"; };
		04E12A541D576236009D9A40 /* ViewController.m */ = {isa = PBXFileReference; lastKnownFileType = sourcecode.c.objc; path = ViewController.m; sourceTree = "<group>"; };
		04E12A571D576236009D9A40 /* Base */ = {isa = PBXFileReference; lastKnownFileType = file.storyboard; name = Base; path = Base.lproj/Main.storyboard; sourceTree = "<group>"; };
		04E12A591D576236009D9A40 /* Assets.xcassets */ = {isa = PBXFileReference; lastKnownFileType = folder.assetcatalog; path = Assets.xcassets; sourceTree = "<group>"; };
		04E12A5C1D576236009D9A40 /* Base */ = {isa = PBXFileReference; lastKnownFileType = file.storyboard; name = Base; path = Base.lproj/LaunchScreen.storyboard; sourceTree = "<group>"; };
		04E12A5E1D576236009D9A40 /* Info.plist */ = {isa = PBXFileReference; lastKnownFileType = text.plist.xml; path = Info.plist; sourceTree = "<group>"; };
		AE90672D1D5870E6005C24FB /* CHTScrollItemBar.h */ = {isa = PBXFileReference; fileEncoding = 4; lastKnownFileType = sourcecode.c.h; path = CHTScrollItemBar.h; sourceTree = "<group>"; };
		AE90672E1D5870E6005C24FB /* CHTScrollItemBar.m */ = {isa = PBXFileReference; fileEncoding = 4; lastKnownFileType = sourcecode.c.objc; path = CHTScrollItemBar.m; sourceTree = "<group>"; };
/* End PBXFileReference section */

/* Begin PBXFrameworksBuildPhase section */
		04E12A471D576236009D9A40 /* Frameworks */ = {
			isa = PBXFrameworksBuildPhase;
			buildActionMask = 2147483647;
			files = (
			);
			runOnlyForDeploymentPostprocessing = 0;
		};
/* End PBXFrameworksBuildPhase section */

/* Begin PBXGroup section */
		04E12A411D576236009D9A40 = {
			isa = PBXGroup;
			children = (
				04E12A4C1D576236009D9A40 /* CHTScrollItemBarDemo */,
				04E12A4B1D576236009D9A40 /* Products */,
			);
			sourceTree = "<group>";
		};
		04E12A4B1D576236009D9A40 /* Products */ = {
			isa = PBXGroup;
			children = (
				04E12A4A1D576236009D9A40 /* CHTScrollItemBarDemo.app */,
			);
			name = Products;
			sourceTree = "<group>";
		};
		04E12A4C1D576236009D9A40 /* CHTScrollItemBarDemo */ = {
			isa = PBXGroup;
			children = (
				AE90672C1D5870E6005C24FB /* CHTScrollItemBar */,
				04E12A501D576236009D9A40 /* AppDelegate.h */,
				04E12A511D576236009D9A40 /* AppDelegate.m */,
				04E12A531D576236009D9A40 /* ViewController.h */,
				04E12A541D576236009D9A40 /* ViewController.m */,
				04E12A561D576236009D9A40 /* Main.storyboard */,
				04E12A591D576236009D9A40 /* Assets.xcassets */,
				04E12A5B1D576236009D9A40 /* LaunchScreen.storyboard */,
				04E12A5E1D576236009D9A40 /* Info.plist */,
				04E12A4D1D576236009D9A40 /* Supporting Files */,
			);
			path = CHTScrollItemBarDemo;
			sourceTree = "<group>";
		};
		04E12A4D1D576236009D9A40 /* Supporting Files */ = {
			isa = PBXGroup;
			children = (
				04E12A4E1D576236009D9A40 /* main.m */,
			);
			name = "Supporting Files";
			sourceTree = "<group>";
		};
		AE90672C1D5870E6005C24FB /* CHTScrollItemBar */ = {
			isa = PBXGroup;
			children = (
				AE90672D1D5870E6005C24FB /* CHTScrollItemBar.h */,
				AE90672E1D5870E6005C24FB /* CHTScrollItemBar.m */,
			);
			path = CHTScrollItemBar;
			sourceTree = SOURCE_ROOT;
		};
/* End PBXGroup section */

/* Begin PBXNativeTarget section */
		04E12A491D576236009D9A40 /* CHTScrollItemBarDemo */ = {
			isa = PBXNativeTarget;
			buildConfigurationList = 04E12A611D576236009D9A40 /* Build configuration list for PBXNativeTarget "CHTScrollItemBarDemo" */;
			buildPhases = (
				04E12A461D576236009D9A40 /* Sources */,
				04E12A471D576236009D9A40 /* Frameworks */,
				04E12A481D576236009D9A40 /* Resources */,
			);
			buildRules = (
			);
			dependencies = (
			);
			name = CHTScrollItemBarDemo;
			productName = CHTScrollItemBarDemo;
			productReference = 04E12A4A1D576236009D9A40 /* CHTScrollItemBarDemo.app */;
			productType = "com.apple.product-type.application";
		};
/* End PBXNativeTarget section */

/* Begin PBXProject section */
		04E12A421D576236009D9A40 /* Project object */ = {
			isa = PBXProject;
			attributes = {
				LastUpgradeCheck = 0720;
				ORGANIZATIONNAME = "Roy Chan";
				TargetAttributes = {
					04E12A491D576236009D9A40 = {
						CreatedOnToolsVersion = 7.2;
					};
				};
			};
			buildConfigurationList = 04E12A451D576236009D9A40 /* Build configuration list for PBXProject "CHTScrollItemBarDemo" */;
			compatibilityVersion = "Xcode 3.2";
			developmentRegion = English;
			hasScannedForEncodings = 0;
			knownRegions = (
				en,
				Base,
			);
			mainGroup = 04E12A411D576236009D9A40;
			productRefGroup = 04E12A4B1D576236009D9A40 /* Products */;
			projectDirPath = "";
			projectRoot = "";
			targets = (
				04E12A491D576236009D9A40 /* CHTScrollItemBarDemo */,
			);
		};
/* End PBXProject section */

/* Begin PBXResourcesBuildPhase section */
		04E12A481D576236009D9A40 /* Resources */ = {
			isa = PBXResourcesBuildPhase;
			buildActionMask = 2147483647;
			files = (
				04E12A5D1D576236009D9A40 /* LaunchScreen.storyboard in Resources */,
				04E12A5A1D576236009D9A40 /* Assets.xcassets in Resources */,
				04E12A581D576236009D9A40 /* Main.storyboard in Resources */,
			);
			runOnlyForDeploymentPostprocessing = 0;
		};
/* End PBXResourcesBuildPhase section */

/* Begin PBXSourcesBuildPhase section */
		04E12A461D576236009D9A40 /* Sources */ = {
			isa = PBXSourcesBuildPhase;
			buildActionMask = 2147483647;
			files = (
				04E12A551D576236009D9A40 /* ViewController.m in Sources */,
				04E12A521D576236009D9A40 /* AppDelegate.m in Sources */,
				04E12A4F1D576236009D9A40 /* main.m in Sources */,
				AE90672F1D5870E6005C24FB /* CHTScrollItemBar.m in Sources */,
			);
			runOnlyForDeploymentPostprocessing = 0;
		};
/* End PBXSourcesBuildPhase section */

/* Begin PBXVariantGroup section */
		04E12A561D576236009D9A40 /* Main.storyboard */ = {
			isa = PBXVariantGroup;
			children = (
				04E12A571D576236009D9A40 /* Base */,
			);
			name = Main.storyboard;
			sourceTree = "<group>";
		};
		04E12A5B1D576236009D9A40 /* LaunchScreen.storyboard */ = {
			isa = PBXVariantGroup;
			children = (
				04E12A5C1D576236009D9A40 /* Base */,
			);
			name = LaunchScreen.storyboard;
			sourceTree = "<group>";
		};
/* End PBXVariantGroup section */

/* Begin XCBuildConfiguration section */
		04E12A5F1D576236009D9A40 /* Debug */ = {
			isa = XCBuildConfiguration;
			buildSettings = {
				ALWAYS_SEARCH_USER_PATHS = NO;
				CLANG_CXX_LANGUAGE_STANDARD = "gnu++0x";
				CLANG_CXX_LIBRARY = "libc++";
				CLANG_ENABLE_MODULES = YES;
				CLANG_ENABLE_OBJC_ARC = YES;
				CLANG_WARN_BOOL_CONVERSION = YES;
				CLANG_WARN_CONSTANT_CONVERSION = YES;
				CLANG_WARN_DIRECT_OBJC_ISA_USAGE = YES_ERROR;
				CLANG_WARN_EMPTY_BODY = YES;
				CLANG_WARN_ENUM_CONVERSION = YES;
				CLANG_WARN_INT_CONVERSION = YES;
				CLANG_WARN_OBJC_ROOT_CLASS = YES_ERROR;
				CLANG_WARN_UNREACHABLE_CODE = YES;
				CLANG_WARN__DUPLICATE_METHOD_MATCH = YES;
				"CODE_SIGN_IDENTITY[sdk=iphoneos*]" = "iPhone Developer";
				COPY_PHASE_STRIP = NO;
				DEBUG_INFORMATION_FORMAT = dwarf;
				ENABLE_STRICT_OBJC_MSGSEND = YES;
				ENABLE_TESTABILITY = YES;
				GCC_C_LANGUAGE_STANDARD = gnu99;
				GCC_DYNAMIC_NO_PIC = NO;
				GCC_NO_COMMON_BLOCKS = YES;
				GCC_OPTIMIZATION_LEVEL = 0;
				GCC_PREPROCESSOR_DEFINITIONS = (
					"DEBUG=1",
					"$(inherited)",
				);
				GCC_WARN_64_TO_32_BIT_CONVERSION = YES;
				GCC_WARN_ABOUT_RETURN_TYPE = YES_ERROR;
				GCC_WARN_UNDECLARED_SELECTOR = YES;
				GCC_WARN_UNINITIALIZED_AUTOS = YES_AGGRESSIVE;
				GCC_WARN_UNUSED_FUNCTION = YES;
				GCC_WARN_UNUSED_VARIABLE = YES;
				IPHONEOS_DEPLOYMENT_TARGET = 9.2;
				MTL_ENABLE_DEBUG_INFO = YES;
				ONLY_ACTIVE_ARCH = YES;
				SDKROOT = iphoneos;
			};
			name = Debug;
		};
		04E12A601D576236009D9A40 /* Release */ = {
			isa = XCBuildConfiguration;
			buildSettings = {
				ALWAYS_SEARCH_USER_PATHS = NO;
				CLANG_CXX_LANGUAGE_STANDARD = "gnu++0x";
				CLANG_CXX_LIBRARY = "libc++";
				CLANG_ENABLE_MODULES = YES;
				CLANG_ENABLE_OBJC_ARC = YES;
				CLANG_WARN_BOOL_CONVERSION = YES;
				CLANG_WARN_CONSTANT_CONVERSION = YES;
				CLANG_WARN_DIRECT_OBJC_ISA_USAGE = YES_ERROR;
				CLANG_WARN_EMPTY_BODY = YES;
				CLANG_WARN_ENUM_CONVERSION = YES;
				CLANG_WARN_INT_CONVERSION = YES;
				CLANG_WARN_OBJC_ROOT_CLASS = YES_ERROR;
				CLANG_WARN_UNREACHABLE_CODE = YES;
				CLANG_WARN__DUPLICATE_METHOD_MATCH = YES;
				"CODE_SIGN_IDENTITY[sdk=iphoneos*]" = "iPhone Developer";
				COPY_PHASE_STRIP = NO;
				DEBUG_INFORMATION_FORMAT = "dwarf-with-dsym";
				ENABLE_NS_ASSERTIONS = NO;
				ENABLE_STRICT_OBJC_MSGSEND = YES;
				GCC_C_LANGUAGE_STANDARD = gnu99;
				GCC_NO_COMMON_BLOCKS = YES;
				GCC_WARN_64_TO_32_BIT_CONVERSION = YES;
				GCC_WARN_ABOUT_RETURN_TYPE = YES_ERROR;
				GCC_WARN_UNDECLARED_SELECTOR = YES;
				GCC_WARN_UNINITIALIZED_AUTOS = YES_AGGRESSIVE;
				GCC_WARN_UNUSED_FUNCTION = YES;
				GCC_WARN_UNUSED_VARIABLE = YES;
				IPHONEOS_DEPLOYMENT_TARGET = 9.2;
				MTL_ENABLE_DEBUG_INFO = NO;
				SDKROOT = iphoneos;
				VALIDATE_PRODUCT = YES;
			};
			name = Release;
		};
		04E12A621D576236009D9A40 /* Debug */ = {
			isa = XCBuildConfiguration;
			buildSettings = {
				ASSETCATALOG_COMPILER_APPICON_NAME = AppIcon;
				INFOPLIST_FILE = CHTScrollItemBarDemo/Info.plist;
				LD_RUNPATH_SEARCH_PATHS = "$(inherited) @executable_path/Frameworks";
				PRODUCT_BUNDLE_IDENTIFIER = CHT.CHTScrollItemBarDemo;
				PRODUCT_NAME = "$(TARGET_NAME)";
			};
			name = Debug;
		};
		04E12A631D576236009D9A40 /* Release */ = {
			isa = XCBuildConfiguration;
			buildSettings = {
				ASSETCATALOG_COMPILER_APPICON_NAME = AppIcon;
				INFOPLIST_FILE = CHTScrollItemBarDemo/Info.plist;
				LD_RUNPATH_SEARCH_PATHS = "$(inherited) @executable_path/Frameworks";
				PRODUCT_BUNDLE_IDENTIFIER = CHT.CHTScrollItemBarDemo;
				PRODUCT_NAME = "$(TARGET_NAME)";
			};
			name = Release;
		};
/* End XCBuildConfiguration section */

/* Begin XCConfigurationList section */
		04E12A451D576236009D9A40 /* Build configuration list for PBXProject "CHTScrollItemBarDemo" */ = {
			isa = XCConfigurationList;
			buildConfigurations = (
				04E12A5F1D576236009D9A40 /* Debug */,
				04E12A601D576236009D9A40 /* Release */,
			);
			defaultConfigurationIsVisible = 0;
			defaultConfigurationName = Release;
		};
		04E12A611D576236009D9A40 /* Build configuration list for PBXNativeTarget "CHTScrollItemBarDemo" */ = {
			isa = XCConfigurationList;
			buildConfigurations = (
				04E12A621D576236009D9A40 /* Debug */,
				04E12A631D576236009D9A40 /* Release */,
			);
			defaultConfigurationIsVisible = 0;
			defaultConfigurationName = Release;
		};
/* End XCConfigurationList section */
	};
	rootObject = 04E12A421D576236009D9A40 /* Project object */;
}
